// !$*UTF8*$!
{
	archiveVersion = 1;
	classes = {
	};
	objectVersion = 46;
	objects = {

/* Begin PBXBuildFile section */
		E768CB881BAC92DD008C88E3 /* main.m in Sources */ = {isa = PBXBuildFile; fileRef = E768CB871BAC92DD008C88E3 /* main.m */; };
		E768CB8B1BAC92DD008C88E3 /* AppDelegate.m in Sources */ = {isa = PBXBuildFile; fileRef = E768CB8A1BAC92DD008C88E3 /* AppDelegate.m */; };
		E768CB8E1BAC92DD008C88E3 /* Tinder.xcdatamodeld in Sources */ = {isa = PBXBuildFile; fileRef = E768CB8C1BAC92DD008C88E3 /* Tinder.xcdatamodeld */; };
		E768CB911BAC92DD008C88E3 /* ViewController.m in Sources */ = {isa = PBXBuildFile; fileRef = E768CB901BAC92DD008C88E3 /* ViewController.m */; };
		E768CB941BAC92DD008C88E3 /* Main.storyboard in Resources */ = {isa = PBXBuildFile; fileRef = E768CB921BAC92DD008C88E3 /* Main.storyboard */; };
		E768CB961BAC92DD008C88E3 /* Images.xcassets in Resources */ = {isa = PBXBuildFile; fileRef = E768CB951BAC92DD008C88E3 /* Images.xcassets */; };
		E768CB991BAC92DD008C88E3 /* LaunchScreen.xib in Resources */ = {isa = PBXBuildFile; fileRef = E768CB971BAC92DD008C88E3 /* LaunchScreen.xib */; };
		E768CBA51BAC92DD008C88E3 /* TinderTests.m in Sources */ = {isa = PBXBuildFile; fileRef = E768CBA41BAC92DD008C88E3 /* TinderTests.m */; };
		E768CBB01BAC93AD008C88E3 /* CardsViewController.m in Sources */ = {isa = PBXBuildFile; fileRef = E768CBAF1BAC93AD008C88E3 /* CardsViewController.m */; };
		E768CBB31BACB9AC008C88E3 /* ProfileViewController.m in Sources */ = {isa = PBXBuildFile; fileRef = E768CBB21BACB9AC008C88E3 /* ProfileViewController.m */; };
/* End PBXBuildFile section */

/* Begin PBXContainerItemProxy section */
		E768CB9F1BAC92DD008C88E3 /* PBXContainerItemProxy */ = {
			isa = PBXContainerItemProxy;
			containerPortal = E768CB7A1BAC92DD008C88E3 /* Project object */;
			proxyType = 1;
			remoteGlobalIDString = E768CB811BAC92DD008C88E3;
			remoteInfo = Tinder;
		};
/* End PBXContainerItemProxy section */

/* Begin PBXFileReference section */
		E768CB821BAC92DD008C88E3 /* Tinder.app */ = {isa = PBXFileReference; explicitFileType = wrapper.application; includeInIndex = 0; path = Tinder.app; sourceTree = BUILT_PRODUCTS_DIR; };
		E768CB861BAC92DD008C88E3 /* Info.plist */ = {isa = PBXFileReference; lastKnownFileType = text.plist.xml; path = Info.plist; sourceTree = "<group>"; };
		E768CB871BAC92DD008C88E3 /* main.m */ = {isa = PBXFileReference; lastKnownFileType = sourcecode.c.objc; path = main.m; sourceTree = "<group>"; };
		E768CB891BAC92DD008C88E3 /* AppDelegate.h */ = {isa = PBXFileReference; lastKnownFileType = sourcecode.c.h; path = AppDelegate.h; sourceTree = "<group>"; };
		E768CB8A1BAC92DD008C88E3 /* AppDelegate.m */ = {isa = PBXFileReference; lastKnownFileType = sourcecode.c.objc; path = AppDelegate.m; sourceTree = "<group>"; };
		E768CB8D1BAC92DD008C88E3 /* Tinder.xcdatamodel */ = {isa = PBXFileReference; lastKnownFileType = wrapper.xcdatamodel; path = Tinder.xcdatamodel; sourceTree = "<group>"; };
		E768CB8F1BAC92DD008C88E3 /* ViewController.h */ = {isa = PBXFileReference; lastKnownFileType = sourcecode.c.h; path = ViewController.h; sourceTree = "<group>"; };
		E768CB901BAC92DD008C88E3 /* ViewController.m */ = {isa = PBXFileReference; lastKnownFileType = sourcecode.c.objc; path = ViewController.m; sourceTree = "<group>"; };
		E768CB931BAC92DD008C88E3 /* Base */ = {isa = PBXFileReference; lastKnownFileType = file.storyboard; name = Base; path = Base.lproj/Main.storyboard; sourceTree = "<group>"; };
		E768CB951BAC92DD008C88E3 /* Images.xcassets */ = {isa = PBXFileReference; lastKnownFileType = folder.assetcatalog; path = Images.xcassets; sourceTree = "<group>"; };
		E768CB981BAC92DD008C88E3 /* Base */ = {isa = PBXFileReference; lastKnownFileType = file.xib; name = Base; path = Base.lproj/LaunchScreen.xib; sourceTree = "<group>"; };
		E768CB9E1BAC92DD008C88E3 /* TinderTests.xctest */ = {isa = PBXFileReference; explicitFileType = wrapper.cfbundle; includeInIndex = 0; path = TinderTests.xctest; sourceTree = BUILT_PRODUCTS_DIR; };
		E768CBA31BAC92DD008C88E3 /* Info.plist */ = {isa = PBXFileReference; lastKnownFileType = text.plist.xml; path = Info.plist; sourceTree = "<group>"; };
		E768CBA41BAC92DD008C88E3 /* TinderTests.m */ = {isa = PBXFileReference; lastKnownFileType = sourcecode.c.objc; path = TinderTests.m; sourceTree = "<group>"; };
		E768CBAE1BAC93AD008C88E3 /* CardsViewController.h */ = {isa = PBXFileReference; fileEncoding = 4; lastKnownFileType = sourcecode.c.h; path = CardsViewController.h; sourceTree = "<group>"; };
		E768CBAF1BAC93AD008C88E3 /* CardsViewController.m */ = {isa = PBXFileReference; fileEncoding = 4; lastKnownFileType = sourcecode.c.objc; path = CardsViewController.m; sourceTree = "<group>"; };
		E768CBB11BACB9AC008C88E3 /* ProfileViewController.h */ = {isa = PBXFileReference; fileEncoding = 4; lastKnownFileType = sourcecode.c.h; path = ProfileViewController.h; sourceTree = "<group>"; };
		E768CBB21BACB9AC008C88E3 /* ProfileViewController.m */ = {isa = PBXFileReference; fileEncoding = 4; lastKnownFileType = sourcecode.c.objc; path = ProfileViewController.m; sourceTree = "<group>"; };
/* End PBXFileReference section */

/* Begin PBXFrameworksBuildPhase section */
		E768CB7F1BAC92DD008C88E3 /* Frameworks */ = {
			isa = PBXFrameworksBuildPhase;
			buildActionMask = 2147483647;
			files = (
			);
			runOnlyForDeploymentPostprocessing = 0;
		};
		E768CB9B1BAC92DD008C88E3 /* Frameworks */ = {
			isa = PBXFrameworksBuildPhase;
			buildActionMask = 2147483647;
			files = (
			);
			runOnlyForDeploymentPostprocessing = 0;
		};
/* End PBXFrameworksBuildPhase section */

/* Begin PBXGroup section */
		E768CB791BAC92DD008C88E3 = {
			isa = PBXGroup;
			children = (
				E768CB841BAC92DD008C88E3 /* Tinder */,
				E768CBA11BAC92DD008C88E3 /* TinderTests */,
				E768CB831BAC92DD008C88E3 /* Products */,
			);
			sourceTree = "<group>";
		};
		E768CB831BAC92DD008C88E3 /* Products */ = {
			isa = PBXGroup;
			children = (
				E768CB821BAC92DD008C88E3 /* Tinder.app */,
				E768CB9E1BAC92DD008C88E3 /* TinderTests.xctest */,
			);
			name = Products;
			sourceTree = "<group>";
		};
		E768CB841BAC92DD008C88E3 /* Tinder */ = {
			isa = PBXGroup;
			children = (
				E768CB891BAC92DD008C88E3 /* AppDelegate.h */,
				E768CB8A1BAC92DD008C88E3 /* AppDelegate.m */,
				E768CB8F1BAC92DD008C88E3 /* ViewController.h */,
				E768CBAE1BAC93AD008C88E3 /* CardsViewController.h */,
				E768CBAF1BAC93AD008C88E3 /* CardsViewController.m */,
				E768CB901BAC92DD008C88E3 /* ViewController.m */,
				E768CB921BAC92DD008C88E3 /* Main.storyboard */,
				E768CBB11BACB9AC008C88E3 /* ProfileViewController.h */,
				E768CBB21BACB9AC008C88E3 /* ProfileViewController.m */,
				E768CB951BAC92DD008C88E3 /* Images.xcassets */,
				E768CB971BAC92DD008C88E3 /* LaunchScreen.xib */,
				E768CB8C1BAC92DD008C88E3 /* Tinder.xcdatamodeld */,
				E768CB851BAC92DD008C88E3 /* Supporting Files */,
			);
			path = Tinder;
			sourceTree = "<group>";
		};
		E768CB851BAC92DD008C88E3 /* Supporting Files */ = {
			isa = PBXGroup;
			children = (
				E768CB861BAC92DD008C88E3 /* Info.plist */,
				E768CB871BAC92DD008C88E3 /* main.m */,
			);
			name = "Supporting Files";
			sourceTree = "<group>";
		};
		E768CBA11BAC92DD008C88E3 /* TinderTests */ = {
			isa = PBXGroup;
			children = (
				E768CBA41BAC92DD008C88E3 /* TinderTests.m */,
				E768CBA21BAC92DD008C88E3 /* Supporting Files */,
			);
			path = TinderTests;
			sourceTree = "<group>";
		};
		E768CBA21BAC92DD008C88E3 /* Supporting Files */ = {
			isa = PBXGroup;
			children = (
				E768CBA31BAC92DD008C88E3 /* Info.plist */,
			);
			name = "Supporting Files";
			sourceTree = "<group>";
		};
/* End PBXGroup section */

/* Begin PBXNativeTarget section */
		E768CB811BAC92DD008C88E3 /* Tinder */ = {
			isa = PBXNativeTarget;
			buildConfigurationList = E768CBA81BAC92DD008C88E3 /* Build configuration list for PBXNativeTarget "Tinder" */;
			buildPhases = (
				E768CB7E1BAC92DD008C88E3 /* Sources */,
				E768CB7F1BAC92DD008C88E3 /* Frameworks */,
				E768CB801BAC92DD008C88E3 /* Resources */,
			);
			buildRules = (
			);
			dependencies = (
			);
			name = Tinder;
			productName = Tinder;
			productReference = E768CB821BAC92DD008C88E3 /* Tinder.app */;
			productType = "com.apple.product-type.application";
		};
		E768CB9D1BAC92DD008C88E3 /* TinderTests */ = {
			isa = PBXNativeTarget;
			buildConfigurationList = E768CBAB1BAC92DD008C88E3 /* Build configuration list for PBXNativeTarget "TinderTests" */;
			buildPhases = (
				E768CB9A1BAC92DD008C88E3 /* Sources */,
				E768CB9B1BAC92DD008C88E3 /* Frameworks */,
				E768CB9C1BAC92DD008C88E3 /* Resources */,
			);
			buildRules = (
			);
			dependencies = (
				E768CBA01BAC92DD008C88E3 /* PBXTargetDependency */,
			);
			name = TinderTests;
			productName = TinderTests;
			productReference = E768CB9E1BAC92DD008C88E3 /* TinderTests.xctest */;
			productType = "com.apple.product-type.bundle.unit-test";
		};
/* End PBXNativeTarget section */

/* Begin PBXProject section */
		E768CB7A1BAC92DD008C88E3 /* Project object */ = {
			isa = PBXProject;
			attributes = {
				LastUpgradeCheck = 0640;
				ORGANIZATIONNAME = "Ambuj Punn";
				TargetAttributes = {
					E768CB811BAC92DD008C88E3 = {
						CreatedOnToolsVersion = 6.4;
					};
					E768CB9D1BAC92DD008C88E3 = {
						CreatedOnToolsVersion = 6.4;
						TestTargetID = E768CB811BAC92DD008C88E3;
					};
				};
			};
			buildConfigurationList = E768CB7D1BAC92DD008C88E3 /* Build configuration list for PBXProject "Tinder" */;
			compatibilityVersion = "Xcode 3.2";
			developmentRegion = English;
			hasScannedForEncodings = 0;
			knownRegions = (
				en,
				Base,
			);
			mainGroup = E768CB791BAC92DD008C88E3;
			productRefGroup = E768CB831BAC92DD008C88E3 /* Products */;
			projectDirPath = "";
			projectRoot = "";
			targets = (
				E768CB811BAC92DD008C88E3 /* Tinder */,
				E768CB9D1BAC92DD008C88E3 /* TinderTests */,
			);
		};
/* End PBXProject section */

/* Begin PBXResourcesBuildPhase section */
		E768CB801BAC92DD008C88E3 /* Resources */ = {
			isa = PBXResourcesBuildPhase;
			buildActionMask = 2147483647;
			files = (
				E768CB941BAC92DD008C88E3 /* Main.storyboard in Resources */,
				E768CB991BAC92DD008C88E3 /* LaunchScreen.xib in Resources */,
				E768CB961BAC92DD008C88E3 /* Images.xcassets in Resources */,
			);
			runOnlyForDeploymentPostprocessing = 0;
		};
		E768CB9C1BAC92DD008C88E3 /* Resources */ = {
			isa = PBXResourcesBuildPhase;
			buildActionMask = 2147483647;
			files = (
			);
			runOnlyForDeploymentPostprocessing = 0;
		};
/* End PBXResourcesBuildPhase section */

/* Begin PBXSourcesBuildPhase section */
		E768CB7E1BAC92DD008C88E3 /* Sources */ = {
			isa = PBXSourcesBuildPhase;
			buildActionMask = 2147483647;
			files = (
				E768CB8B1BAC92DD008C88E3 /* AppDelegate.m in Sources */,
				E768CB881BAC92DD008C88E3 /* main.m in Sources */,
				E768CB911BAC92DD008C88E3 /* ViewController.m in Sources */,
				E768CB8E1BAC92DD008C88E3 /* Tinder.xcdatamodeld in Sources */,
				E768CBB31BACB9AC008C88E3 /* ProfileViewController.m in Sources */,
				E768CBB01BAC93AD008C88E3 /* CardsViewController.m in Sources */,
			);
			runOnlyForDeploymentPostprocessing = 0;
		};
		E768CB9A1BAC92DD008C88E3 /* Sources */ = {
			isa = PBXSourcesBuildPhase;
			buildActionMask = 2147483647;
			files = (
				E768CBA51BAC92DD008C88E3 /* TinderTests.m in Sources */,
			);
			runOnlyForDeploymentPostprocessing = 0;
		};
/* End PBXSourcesBuildPhase section */

/* Begin PBXTargetDependency section */
		E768CBA01BAC92DD008C88E3 /* PBXTargetDependency */ = {
			isa = PBXTargetDependency;
			target = E768CB811BAC92DD008C88E3 /* Tinder */;
			targetProxy = E768CB9F1BAC92DD008C88E3 /* PBXContainerItemProxy */;
		};
/* End PBXTargetDependency section */

/* Begin PBXVariantGroup section */
		E768CB921BAC92DD008C88E3 /* Main.storyboard */ = {
			isa = PBXVariantGroup;
			children = (
				E768CB931BAC92DD008C88E3 /* Base */,
			);
			name = Main.storyboard;
			sourceTree = "<group>";
		};
		E768CB971BAC92DD008C88E3 /* LaunchScreen.xib */ = {
			isa = PBXVariantGroup;
			children = (
				E768CB981BAC92DD008C88E3 /* Base */,
			);
			name = LaunchScreen.xib;
			sourceTree = "<group>";
		};
/* End PBXVariantGroup section */

/* Begin XCBuildConfiguration section */
		E768CBA61BAC92DD008C88E3 /* Debug */ = {
			isa = XCBuildConfiguration;
			buildSettings = {
				ALWAYS_SEARCH_USER_PATHS = NO;
				CLANG_CXX_LANGUAGE_STANDARD = "gnu++0x";
				CLANG_CXX_LIBRARY = "libc++";
				CLANG_ENABLE_MODULES = YES;
				CLANG_ENABLE_OBJC_ARC = YES;
				CLANG_WARN_BOOL_CONVERSION = YES;
				CLANG_WARN_CONSTANT_CONVERSION = YES;
				CLANG_WARN_DIRECT_OBJC_ISA_USAGE = YES_ERROR;
				CLANG_WARN_EMPTY_BODY = YES;
				CLANG_WARN_ENUM_CONVERSION = YES;
				CLANG_WARN_INT_CONVERSION = YES;
				CLANG_WARN_OBJC_ROOT_CLASS = YES_ERROR;
				CLANG_WARN_UNREACHABLE_CODE = YES;
				CLANG_WARN__DUPLICATE_METHOD_MATCH = YES;
				"CODE_SIGN_IDENTITY[sdk=iphoneos*]" = "iPhone Developer";
				COPY_PHASE_STRIP = NO;
				DEBUG_INFORMATION_FORMAT = "dwarf-with-dsym";
				ENABLE_STRICT_OBJC_MSGSEND = YES;
				GCC_C_LANGUAGE_STANDARD = gnu99;
				GCC_DYNAMIC_NO_PIC = NO;
				GCC_NO_COMMON_BLOCKS = YES;
				GCC_OPTIMIZATION_LEVEL = 0;
				GCC_PREPROCESSOR_DEFINITIONS = (
					"DEBUG=1",
					"$(inherited)",
				);
				GCC_SYMBOLS_PRIVATE_EXTERN = NO;
				GCC_WARN_64_TO_32_BIT_CONVERSION = YES;
				GCC_WARN_ABOUT_RETURN_TYPE = YES_ERROR;
				GCC_WARN_UNDECLARED_SELECTOR = YES;
				GCC_WARN_UNINITIALIZED_AUTOS = YES_AGGRESSIVE;
				GCC_WARN_UNUSED_FUNCTION = YES;
				GCC_WARN_UNUSED_VARIABLE = YES;
				IPHONEOS_DEPLOYMENT_TARGET = 8.4;
				MTL_ENABLE_DEBUG_INFO = YES;
				ONLY_ACTIVE_ARCH = YES;
				SDKROOT = iphoneos;
			};
			name = Debug;
		};
		E768CBA71BAC92DD008C88E3 /* Release */ = {
			isa = XCBuildConfiguration;
			buildSettings = {
				ALWAYS_SEARCH_USER_PATHS = NO;
				CLANG_CXX_LANGUAGE_STANDARD = "gnu++0x";
				CLANG_CXX_LIBRARY = "libc++";
				CLANG_ENABLE_MODULES = YES;
				CLANG_ENABLE_OBJC_ARC = YES;
				CLANG_WARN_BOOL_CONVERSION = YES;
				CLANG_WARN_CONSTANT_CONVERSION = YES;
				CLANG_WARN_DIRECT_OBJC_ISA_USAGE = YES_ERROR;
				CLANG_WARN_EMPTY_BODY = YES;
				CLANG_WARN_ENUM_CONVERSION = YES;
				CLANG_WARN_INT_CONVERSION = YES;
				CLANG_WARN_OBJC_ROOT_CLASS = YES_ERROR;
				CLANG_WARN_UNREACHABLE_CODE = YES;
				CLANG_WARN__DUPLICATE_METHOD_MATCH = YES;
				"CODE_SIGN_IDENTITY[sdk=iphoneos*]" = "iPhone Developer";
				COPY_PHASE_STRIP = NO;
				DEBUG_INFORMATION_FORMAT = "dwarf-with-dsym";
				ENABLE_NS_ASSERTIONS = NO;
				ENABLE_STRICT_OBJC_MSGSEND = YES;
				GCC_C_LANGUAGE_STANDARD = gnu99;
				GCC_NO_COMMON_BLOCKS = YES;
				GCC_WARN_64_TO_32_BIT_CONVERSION = YES;
				GCC_WARN_ABOUT_RETURN_TYPE = YES_ERROR;
				GCC_WARN_UNDECLARED_SELECTOR = YES;
				GCC_WARN_UNINITIALIZED_AUTOS = YES_AGGRESSIVE;
				GCC_WARN_UNUSED_FUNCTION = YES;
				GCC_WARN_UNUSED_VARIABLE = YES;
				IPHONEOS_DEPLOYMENT_TARGET = 8.4;
				MTL_ENABLE_DEBUG_INFO = NO;
				SDKROOT = iphoneos;
				VALIDATE_PRODUCT = YES;
			};
			name = Release;
		};
		E768CBA91BAC92DD008C88E3 /* Debug */ = {
			isa = XCBuildConfiguration;
			buildSettings = {
				ASSETCATALOG_COMPILER_APPICON_NAME = AppIcon;
				INFOPLIST_FILE = Tinder/Info.plist;
				LD_RUNPATH_SEARCH_PATHS = "$(inherited) @executable_path/Frameworks";
				PRODUCT_NAME = "$(TARGET_NAME)";
			};
			name = Debug;
		};
		E768CBAA1BAC92DD008C88E3 /* Release */ = {
			isa = XCBuildConfiguration;
			buildSettings = {
				ASSETCATALOG_COMPILER_APPICON_NAME = AppIcon;
				INFOPLIST_FILE = Tinder/Info.plist;
				LD_RUNPATH_SEARCH_PATHS = "$(inherited) @executable_path/Frameworks";
				PRODUCT_NAME = "$(TARGET_NAME)";
			};
			name = Release;
		};
		E768CBAC1BAC92DD008C88E3 /* Debug */ = {
			isa = XCBuildConfiguration;
			buildSettings = {
				BUNDLE_LOADER = "$(TEST_HOST)";
				FRAMEWORK_SEARCH_PATHS = (
					"$(SDKROOT)/Developer/Library/Frameworks",
					"$(inherited)",
				);
				GCC_PREPROCESSOR_DEFINITIONS = (
					"DEBUG=1",
					"$(inherited)",
				);
				INFOPLIST_FILE = TinderTests/Info.plist;
				LD_RUNPATH_SEARCH_PATHS = "$(inherited) @executable_path/Frameworks @loader_path/Frameworks";
				PRODUCT_NAME = "$(TARGET_NAME)";
				TEST_HOST = "$(BUILT_PRODUCTS_DIR)/Tinder.app/Tinder";
			};
			name = Debug;
		};
		E768CBAD1BAC92DD008C88E3 /* Release */ = {
			isa = XCBuildConfiguration;
			buildSettings = {
				BUNDLE_LOADER = "$(TEST_HOST)";
				FRAMEWORK_SEARCH_PATHS = (
					"$(SDKROOT)/Developer/Library/Frameworks",
					"$(inherited)",
				);
				INFOPLIST_FILE = TinderTests/Info.plist;
				LD_RUNPATH_SEARCH_PATHS = "$(inherited) @executable_path/Frameworks @loader_path/Frameworks";
				PRODUCT_NAME = "$(TARGET_NAME)";
				TEST_HOST = "$(BUILT_PRODUCTS_DIR)/Tinder.app/Tinder";
			};
			name = Release;
		};
/* End XCBuildConfiguration section */

/* Begin XCConfigurationList section */
		E768CB7D1BAC92DD008C88E3 /* Build configuration list for PBXProject "Tinder" */ = {
			isa = XCConfigurationList;
			buildConfigurations = (
				E768CBA61BAC92DD008C88E3 /* Debug */,
				E768CBA71BAC92DD008C88E3 /* Release */,
			);
			defaultConfigurationIsVisible = 0;
			defaultConfigurationName = Release;
		};
		E768CBA81BAC92DD008C88E3 /* Build configuration list for PBXNativeTarget "Tinder" */ = {
			isa = XCConfigurationList;
			buildConfigurations = (
				E768CBA91BAC92DD008C88E3 /* Debug */,
				E768CBAA1BAC92DD008C88E3 /* Release */,
			);
			defaultConfigurationIsVisible = 0;
		};
		E768CBAB1BAC92DD008C88E3 /* Build configuration list for PBXNativeTarget "TinderTests" */ = {
			isa = XCConfigurationList;
			buildConfigurations = (
				E768CBAC1BAC92DD008C88E3 /* Debug */,
				E768CBAD1BAC92DD008C88E3 /* Release */,
			);
			defaultConfigurationIsVisible = 0;
		};
/* End XCConfigurationList section */

/* Begin XCVersionGroup section */
		E768CB8C1BAC92DD008C88E3 /* Tinder.xcdatamodeld */ = {
			isa = XCVersionGroup;
			children = (
				E768CB8D1BAC92DD008C88E3 /* Tinder.xcdatamodel */,
			);
			currentVersion = E768CB8D1BAC92DD008C88E3 /* Tinder.xcdatamodel */;
			path = Tinder.xcdatamodeld;
			sourceTree = "<group>";
			versionGroupType = wrapper.xcdatamodel;
		};
/* End XCVersionGroup section */
	};
	rootObject = E768CB7A1BAC92DD008C88E3 /* Project object */;
}
